
Microsoft Visual Studio Solution File, Format Version 12.00
# Visual Studio Version 17
VisualStudioVersion = 17.3.32929.385
MinimumVisualStudioVersion = 10.0.40219.1
Project("{9A19103F-16F7-4668-BE54-9A1E7A4F7556}") = "RepositoryPattern_Console", "RepositoryPattern_Console\RepositoryPattern_Console.csproj", "{61AE2D6E-9EB1-4896-A979-4910C97635CC}"
EndProject
Project("{9A19103F-16F7-4668-BE54-9A1E7A4F7556}") = "RepositoryPattern_Repo", "RepositoryPattern_Repo\RepositoryPattern_Repo.csproj", "{BD80CDF5-471C-4E97-B85A-91FC8A1B3D90}"
EndProject
Project("{FAE04EC0-301F-11D3-BF4B-00C04F79EFBC}") = "UserRepo", "UserRepo\UserRepo.csproj", "{5B46D08A-4BCE-46AB-A991-9DCE90251A8C}"
EndProject
Global
	GlobalSection(SolutionConfigurationPlatforms) = preSolution
		Debug|Any CPU = Debug|Any CPU
		Release|Any CPU = Release|Any CPU
	EndGlobalSection
	GlobalSection(ProjectConfigurationPlatforms) = postSolution
		{61AE2D6E-9EB1-4896-A979-4910C97635CC}.Debug|Any CPU.ActiveCfg = Debug|Any CPU
		{61AE2D6E-9EB1-4896-A979-4910C97635CC}.Debug|Any CPU.Build.0 = Debug|Any CPU
		{61AE2D6E-9EB1-4896-A979-4910C97635CC}.Release|Any CPU.ActiveCfg = Release|Any CPU
		{61AE2D6E-9EB1-4896-A979-4910C97635CC}.Release|Any CPU.Build.0 = Release|Any CPU
		{BD80CDF5-471C-4E97-B85A-91FC8A1B3D90}.Debug|Any CPU.ActiveCfg = Debug|Any CPU
		{BD80CDF5-471C-4E97-B85A-91FC8A1B3D90}.Debug|Any CPU.Build.0 = Debug|Any CPU
		{BD80CDF5-471C-4E97-B85A-91FC8A1B3D90}.Release|Any CPU.ActiveCfg = Release|Any CPU
		{BD80CDF5-471C-4E97-B85A-91FC8A1B3D90}.Release|Any CPU.Build.0 = Release|Any CPU
		{5B46D08A-4BCE-46AB-A991-9DCE90251A8C}.Debug|Any CPU.ActiveCfg = Debug|Any CPU
		{5B46D08A-4BCE-46AB-A991-9DCE90251A8C}.Debug|Any CPU.Build.0 = Debug|Any CPU
		{5B46D08A-4BCE-46AB-A991-9DCE90251A8C}.Release|Any CPU.ActiveCfg = Release|Any CPU
		{5B46D08A-4BCE-46AB-A991-9DCE90251A8C}.Release|Any CPU.Build.0 = Release|Any CPU
	EndGlobalSection
	GlobalSection(SolutionProperties) = preSolution
		HideSolutionNode = FALSE
	EndGlobalSection
	GlobalSection(ExtensibilityGlobals) = postSolution
		SolutionGuid = {6F0D6963-7B5E-4FFA-AEAB-AC75942C613E}
	EndGlobalSection
EndGlobal
